PODS:
  - AMap2DMap-NO-IDFA (5.6.1):
    - AMapFoundation-NO-IDFA (~> 1.4)
  - AMapFoundation-NO-IDFA (1.5.5)
  - AMapLocation-NO-IDFA (2.6.1):
    - AMapFoundation-NO-IDFA (~> 1.4)
  - FDFullscreenPopGesture (1.1)
  - MJRefresh (3.1.15.7)
  - SVProgressHUD (2.2.5)

DEPENDENCIES:
  - AMap2DMap-NO-IDFA
  - AMapLocation-NO-IDFA
  - FDFullscreenPopGesture
  - MJRefresh
  - SVProgressHUD

SPEC REPOS:
  https://github.com/cocoapods/specs.git:
    - AMap2DMap-NO-IDFA
    - AMapFoundation-NO-IDFA
    - AMapLocation-NO-IDFA
    - FDFullscreenPopGesture
    - MJRefresh
    - SVProgressHUD

SPEC CHECKSUMS:
  AMap2DMap-NO-IDFA: ccecb3e2a044c17e6badb9b91c950e709368be20
  AMapFoundation-NO-IDFA: a09d8cef57c10d4f841595829a574bcea67fc323
  AMapLocation-NO-IDFA: ffd69b8b88f553d0b252d4967bf301ad2afff9c0
  FDFullscreenPopGesture: a8a620179e3d9c40e8e00256dcee1c1a27c6d0f0
  MJRefresh: 697f8ec75ebdbe9207767bb682cf0f51b0d8a41f
  SVProgressHUD: 1428aafac632c1f86f62aa4243ec12008d7a51d6

PODFILE CHECKSUM: f73dc6a0d3c39459c0eb00ef921a1d679b8c55ca

COCOAPODS: 1.6.0.beta.1
